{
  "name": "vue-seajs",
  "version": "1.0.0",
  "lockfileVersion": 1,
  "requires": true,
  "dependencies": {
    "jquery": {
      "version": "3.3.1",
      "resolved": "https://registry.npmjs.org/jquery/-/jquery-3.3.1.tgz",
      "integrity": "sha512-Ubldcmxp5np52/ENotGxlLe6aGMvmF4R8S6tZjsP6Knsaxd/xp3Zrh50cG93lR6nPXyUFwzN3ZSOQI0wRJNdGg==",
      "dev": true
    },
    "seajs": {
      "version": "3.0.2",
      "resolved": "https://registry.npmjs.org/seajs/-/seajs-3.0.2.tgz",
      "integrity": "sha1-+G2nwWcwQhOUmCBZnOoSYTjKSHE=",
      "dev": true
    },
    "underscore": {
      "version": "1.8.3",
      "resolved": "https://registry.npmjs.org/underscore/-/underscore-1.8.3.tgz",
      "integrity": "sha1-Tz+1OxBuYJf8+ctBCfKl6b36UCI=",
      "dev": true
    },
    "vue": {
      "version": "2.5.15",
      "resolved": "https://registry.npmjs.org/vue/-/vue-2.5.15.tgz",
      "integrity": "sha512-uUcDI147VCQYA/9AqoEECddWdTQgrhnwAd6KDsl0pF1hiLpxqaYqIgArhnegU+QZ18DQrKvZNcR3x2QM1iaroQ==",
      "dev": true
    },
    "vue-router": {
      "version": "3.0.1",
      "resolved": "https://registry.npmjs.org/vue-router/-/vue-router-3.0.1.tgz",
      "integrity": "sha512-vLLoY452L+JBpALMP5UHum9+7nzR9PeIBCghU9ZtJ1eWm6ieUI8Zb/DI3MYxH32bxkjzYV1LRjNv4qr8d+uX/w=="
    }
  }
}
